PODS:
  - GDataXML-HTML (1.2.0)
  - React (0.5.0):
    - React/Core (= 0.5.0)
  - React/Core (0.5.0)

DEPENDENCIES:
  - GDataXML-HTML (from `https://github.com/graetzer/GDataXML-HTML`, branch `xpath-fix`)
  - React (~> 0.5.0)

EXTERNAL SOURCES:
  GDataXML-HTML:
    :branch: xpath-fix
    :git: https://github.com/graetzer/GDataXML-HTML

CHECKOUT OPTIONS:
  GDataXML-HTML:
    :commit: cda9af3fda41b48197ddec57acb4a3e290ad74a1
    :git: https://github.com/graetzer/GDataXML-HTML

SPEC CHECKSUMS:
  GDataXML-HTML: d350f07c22600f19aba347a331c24fe02cbdf619
  React: c9789af172f84013c14ac8ffdc41fb6ce1ba5307

COCOAPODS: 0.38.2
