PODS:
  - GDataXML-HTML (1.3.0)
  - React (0.11.0):
    - React/Core (= 0.11.0)
  - React/Core (0.11.0)

DEPENDENCIES:
  - GDataXML-HTML (= 1.3.0)
  - React (= 0.11.0)

SPEC CHECKSUMS:
  GDataXML-HTML: 7adc03668cab35c288f1dbb8929a179f0fece898
  React: 7701ff0adcaadbf8fa5514778c2ee41b2622cd57

COCOAPODS: 0.38.2
